
Microsoft Visual Studio Solution File, Format Version 12.00
# Visual Studio 15
VisualStudioVersion = 15.0.26730.16
MinimumVisualStudioVersion = 10.0.40219.1
Project("{FAE04EC0-301F-11D3-BF4B-00C04F79EFBC}") = "html1", "html1\html1.csproj", "{BDBE8CF3-255E-4113-901B-796C8E4DE41D}"
EndProject
Global
	GlobalSection(SolutionConfigurationPlatforms) = preSolution
		Debug|Any CPU = Debug|Any CPU
		Release|Any CPU = Release|Any CPU
	EndGlobalSection
	GlobalSection(ProjectConfigurationPlatforms) = postSolution
		{BDBE8CF3-255E-4113-901B-796C8E4DE41D}.Debug|Any CPU.ActiveCfg = Debug|Any CPU
		{BDBE8CF3-255E-4113-901B-796C8E4DE41D}.Debug|Any CPU.Build.0 = Debug|Any CPU
		{BDBE8CF3-255E-4113-901B-796C8E4DE41D}.Release|Any CPU.ActiveCfg = Release|Any CPU
		{BDBE8CF3-255E-4113-901B-796C8E4DE41D}.Release|Any CPU.Build.0 = Release|Any CPU
	EndGlobalSection
	GlobalSection(SolutionProperties) = preSolution
		HideSolutionNode = FALSE
	EndGlobalSection
	GlobalSection(ExtensibilityGlobals) = postSolution
		SolutionGuid = {ACCFE98B-47D3-4C62-BB42-C23CA86BC04B}
	EndGlobalSection
EndGlobal
